
Microsoft Visual Studio Solution File, Format Version 12.00
# Visual Studio Version 17
VisualStudioVersion = 17.8.34525.116
MinimumVisualStudioVersion = 10.0.40219.1
Project("{9A19103F-16F7-4668-BE54-9A1E7A4F7556}") = "XpressMart_FrontEnd", "XpressMart_FrontEnd\XpressMart_FrontEnd\XpressMart_FrontEnd.csproj", "{A33B86F3-01AF-48F2-B7FC-869565A79E11}"
EndProject
Project("{9A19103F-16F7-4668-BE54-9A1E7A4F7556}") = "XpressMart_FrontEnd.Client", "XpressMart_FrontEnd\XpressMart_FrontEnd.Client\XpressMart_FrontEnd.Client.csproj", "{87E334DF-40C7-499E-BAE3-B30E24E753C8}"
EndProject
Global
	GlobalSection(SolutionConfigurationPlatforms) = preSolution
		Debug|Any CPU = Debug|Any CPU
		Release|Any CPU = Release|Any CPU
	EndGlobalSection
	GlobalSection(ProjectConfigurationPlatforms) = postSolution
		{A33B86F3-01AF-48F2-B7FC-869565A79E11}.Debug|Any CPU.ActiveCfg = Debug|Any CPU
		{A33B86F3-01AF-48F2-B7FC-869565A79E11}.Debug|Any CPU.Build.0 = Debug|Any CPU
		{A33B86F3-01AF-48F2-B7FC-869565A79E11}.Release|Any CPU.ActiveCfg = Release|Any CPU
		{A33B86F3-01AF-48F2-B7FC-869565A79E11}.Release|Any CPU.Build.0 = Release|Any CPU
		{87E334DF-40C7-499E-BAE3-B30E24E753C8}.Debug|Any CPU.ActiveCfg = Debug|Any CPU
		{87E334DF-40C7-499E-BAE3-B30E24E753C8}.Debug|Any CPU.Build.0 = Debug|Any CPU
		{87E334DF-40C7-499E-BAE3-B30E24E753C8}.Release|Any CPU.ActiveCfg = Release|Any CPU
		{87E334DF-40C7-499E-BAE3-B30E24E753C8}.Release|Any CPU.Build.0 = Release|Any CPU
	EndGlobalSection
	GlobalSection(SolutionProperties) = preSolution
		HideSolutionNode = FALSE
	EndGlobalSection
	GlobalSection(ExtensibilityGlobals) = postSolution
		SolutionGuid = {5771C368-D94C-4B80-BD96-405E262A5058}
	EndGlobalSection
EndGlobal
